
Microsoft Visual Studio Solution File, Format Version 12.00
# Visual Studio Version 17
VisualStudioVersion = 17.0.31903.59
MinimumVisualStudioVersion = 10.0.40219.1
Project("{2150E333-8FDC-42A3-9474-1A3956D46DE8}") = "src", "src", "{827E0CD3-B72D-47B6-A68D-7590B98EB39B}"
EndProject
Project("{FAE04EC0-301F-11D3-BF4B-00C04F79EFBC}") = "OrdersService.Api", "src\OrdersService.Api\OrdersService.Api.csproj", "{6AF8FBAD-E7E1-4A75-ADC6-DEA035161B89}"
EndProject
Project("{FAE04EC0-301F-11D3-BF4B-00C04F79EFBC}") = "OrdersService.Application", "src\OrdersService.Application\OrdersService.Application.csproj", "{62A2020D-129F-4EF3-86CB-765AA727EAAB}"
EndProject
Project("{FAE04EC0-301F-11D3-BF4B-00C04F79EFBC}") = "OrdersService.Domain", "src\OrdersService.Domain\OrdersService.Domain.csproj", "{9A0135DE-EB5A-4D94-9A61-C6E5E79B4CE3}"
EndProject
Project("{FAE04EC0-301F-11D3-BF4B-00C04F79EFBC}") = "OrdersService.Infrastructure", "src\OrdersService.Infrastructure\OrdersService.Infrastructure.csproj", "{381B7978-49FD-4C61-A03D-6D754C9834E4}"
EndProject
Project("{2150E333-8FDC-42A3-9474-1A3956D46DE8}") = "tests", "tests", "{0AB3BF05-4346-4AA6-1389-037BE0695223}"
EndProject
Project("{FAE04EC0-301F-11D3-BF4B-00C04F79EFBC}") = "OrdersService.Tests", "tests\OrdersService.Tests\OrdersService.Tests.csproj", "{C0659CD8-47FB-4956-BB44-170315AF582C}"
EndProject
Global
	GlobalSection(SolutionConfigurationPlatforms) = preSolution
		Debug|Any CPU = Debug|Any CPU
		Debug|x64 = Debug|x64
		Debug|x86 = Debug|x86
		Release|Any CPU = Release|Any CPU
		Release|x64 = Release|x64
		Release|x86 = Release|x86
	EndGlobalSection
	GlobalSection(ProjectConfigurationPlatforms) = postSolution
		{6AF8FBAD-E7E1-4A75-ADC6-DEA035161B89}.Debug|Any CPU.ActiveCfg = Debug|Any CPU
		{6AF8FBAD-E7E1-4A75-ADC6-DEA035161B89}.Debug|Any CPU.Build.0 = Debug|Any CPU
		{6AF8FBAD-E7E1-4A75-ADC6-DEA035161B89}.Debug|x64.ActiveCfg = Debug|Any CPU
		{6AF8FBAD-E7E1-4A75-ADC6-DEA035161B89}.Debug|x64.Build.0 = Debug|Any CPU
		{6AF8FBAD-E7E1-4A75-ADC6-DEA035161B89}.Debug|x86.ActiveCfg = Debug|Any CPU
		{6AF8FBAD-E7E1-4A75-ADC6-DEA035161B89}.Debug|x86.Build.0 = Debug|Any CPU
		{6AF8FBAD-E7E1-4A75-ADC6-DEA035161B89}.Release|Any CPU.ActiveCfg = Release|Any CPU
		{6AF8FBAD-E7E1-4A75-ADC6-DEA035161B89}.Release|Any CPU.Build.0 = Release|Any CPU
		{6AF8FBAD-E7E1-4A75-ADC6-DEA035161B89}.Release|x64.ActiveCfg = Release|Any CPU
		{6AF8FBAD-E7E1-4A75-ADC6-DEA035161B89}.Release|x64.Build.0 = Release|Any CPU
		{6AF8FBAD-E7E1-4A75-ADC6-DEA035161B89}.Release|x86.ActiveCfg = Release|Any CPU
		{6AF8FBAD-E7E1-4A75-ADC6-DEA035161B89}.Release|x86.Build.0 = Release|Any CPU
		{62A2020D-129F-4EF3-86CB-765AA727EAAB}.Debug|Any CPU.ActiveCfg = Debug|Any CPU
		{62A2020D-129F-4EF3-86CB-765AA727EAAB}.Debug|Any CPU.Build.0 = Debug|Any CPU
		{62A2020D-129F-4EF3-86CB-765AA727EAAB}.Debug|x64.ActiveCfg = Debug|Any CPU
		{62A2020D-129F-4EF3-86CB-765AA727EAAB}.Debug|x64.Build.0 = Debug|Any CPU
		{62A2020D-129F-4EF3-86CB-765AA727EAAB}.Debug|x86.ActiveCfg = Debug|Any CPU
		{62A2020D-129F-4EF3-86CB-765AA727EAAB}.Debug|x86.Build.0 = Debug|Any CPU
		{62A2020D-129F-4EF3-86CB-765AA727EAAB}.Release|Any CPU.ActiveCfg = Release|Any CPU
		{62A2020D-129F-4EF3-86CB-765AA727EAAB}.Release|Any CPU.Build.0 = Release|Any CPU
		{62A2020D-129F-4EF3-86CB-765AA727EAAB}.Release|x64.ActiveCfg = Release|Any CPU
		{62A2020D-129F-4EF3-86CB-765AA727EAAB}.Release|x64.Build.0 = Release|Any CPU
		{62A2020D-129F-4EF3-86CB-765AA727EAAB}.Release|x86.ActiveCfg = Release|Any CPU
		{62A2020D-129F-4EF3-86CB-765AA727EAAB}.Release|x86.Build.0 = Release|Any CPU
		{9A0135DE-EB5A-4D94-9A61-C6E5E79B4CE3}.Debug|Any CPU.ActiveCfg = Debug|Any CPU
		{9A0135DE-EB5A-4D94-9A61-C6E5E79B4CE3}.Debug|Any CPU.Build.0 = Debug|Any CPU
		{9A0135DE-EB5A-4D94-9A61-C6E5E79B4CE3}.Debug|x64.ActiveCfg = Debug|Any CPU
		{9A0135DE-EB5A-4D94-9A61-C6E5E79B4CE3}.Debug|x64.Build.0 = Debug|Any CPU
		{9A0135DE-EB5A-4D94-9A61-C6E5E79B4CE3}.Debug|x86.ActiveCfg = Debug|Any CPU
		{9A0135DE-EB5A-4D94-9A61-C6E5E79B4CE3}.Debug|x86.Build.0 = Debug|Any CPU
		{9A0135DE-EB5A-4D94-9A61-C6E5E79B4CE3}.Release|Any CPU.ActiveCfg = Release|Any CPU
		{9A0135DE-EB5A-4D94-9A61-C6E5E79B4CE3}.Release|Any CPU.Build.0 = Release|Any CPU
		{9A0135DE-EB5A-4D94-9A61-C6E5E79B4CE3}.Release|x64.ActiveCfg = Release|Any CPU
		{9A0135DE-EB5A-4D94-9A61-C6E5E79B4CE3}.Release|x64.Build.0 = Release|Any CPU
		{9A0135DE-EB5A-4D94-9A61-C6E5E79B4CE3}.Release|x86.ActiveCfg = Release|Any CPU
		{9A0135DE-EB5A-4D94-9A61-C6E5E79B4CE3}.Release|x86.Build.0 = Release|Any CPU
		{381B7978-49FD-4C61-A03D-6D754C9834E4}.Debug|Any CPU.ActiveCfg = Debug|Any CPU
		{381B7978-49FD-4C61-A03D-6D754C9834E4}.Debug|Any CPU.Build.0 = Debug|Any CPU
		{381B7978-49FD-4C61-A03D-6D754C9834E4}.Debug|x64.ActiveCfg = Debug|Any CPU
		{381B7978-49FD-4C61-A03D-6D754C9834E4}.Debug|x64.Build.0 = Debug|Any CPU
		{381B7978-49FD-4C61-A03D-6D754C9834E4}.Debug|x86.ActiveCfg = Debug|Any CPU
		{381B7978-49FD-4C61-A03D-6D754C9834E4}.Debug|x86.Build.0 = Debug|Any CPU
		{381B7978-49FD-4C61-A03D-6D754C9834E4}.Release|Any CPU.ActiveCfg = Release|Any CPU
		{381B7978-49FD-4C61-A03D-6D754C9834E4}.Release|Any CPU.Build.0 = Release|Any CPU
		{381B7978-49FD-4C61-A03D-6D754C9834E4}.Release|x64.ActiveCfg = Release|Any CPU
		{381B7978-49FD-4C61-A03D-6D754C9834E4}.Release|x64.Build.0 = Release|Any CPU
		{381B7978-49FD-4C61-A03D-6D754C9834E4}.Release|x86.ActiveCfg = Release|Any CPU
		{381B7978-49FD-4C61-A03D-6D754C9834E4}.Release|x86.Build.0 = Release|Any CPU
		{C0659CD8-47FB-4956-BB44-170315AF582C}.Debug|Any CPU.ActiveCfg = Debug|Any CPU
		{C0659CD8-47FB-4956-BB44-170315AF582C}.Debug|Any CPU.Build.0 = Debug|Any CPU
		{C0659CD8-47FB-4956-BB44-170315AF582C}.Debug|x64.ActiveCfg = Debug|Any CPU
		{C0659CD8-47FB-4956-BB44-170315AF582C}.Debug|x64.Build.0 = Debug|Any CPU
		{C0659CD8-47FB-4956-BB44-170315AF582C}.Debug|x86.ActiveCfg = Debug|Any CPU
		{C0659CD8-47FB-4956-BB44-170315AF582C}.Debug|x86.Build.0 = Debug|Any CPU
		{C0659CD8-47FB-4956-BB44-170315AF582C}.Release|Any CPU.ActiveCfg = Release|Any CPU
		{C0659CD8-47FB-4956-BB44-170315AF582C}.Release|Any CPU.Build.0 = Release|Any CPU
		{C0659CD8-47FB-4956-BB44-170315AF582C}.Release|x64.ActiveCfg = Release|Any CPU
		{C0659CD8-47FB-4956-BB44-170315AF582C}.Release|x64.Build.0 = Release|Any CPU
		{C0659CD8-47FB-4956-BB44-170315AF582C}.Release|x86.ActiveCfg = Release|Any CPU
		{C0659CD8-47FB-4956-BB44-170315AF582C}.Release|x86.Build.0 = Release|Any CPU
	EndGlobalSection
	GlobalSection(SolutionProperties) = preSolution
		HideSolutionNode = FALSE
	EndGlobalSection
	GlobalSection(NestedProjects) = preSolution
		{6AF8FBAD-E7E1-4A75-ADC6-DEA035161B89} = {827E0CD3-B72D-47B6-A68D-7590B98EB39B}
		{62A2020D-129F-4EF3-86CB-765AA727EAAB} = {827E0CD3-B72D-47B6-A68D-7590B98EB39B}
		{9A0135DE-EB5A-4D94-9A61-C6E5E79B4CE3} = {827E0CD3-B72D-47B6-A68D-7590B98EB39B}
		{381B7978-49FD-4C61-A03D-6D754C9834E4} = {827E0CD3-B72D-47B6-A68D-7590B98EB39B}
		{C0659CD8-47FB-4956-BB44-170315AF582C} = {0AB3BF05-4346-4AA6-1389-037BE0695223}
	EndGlobalSection
EndGlobal
